
Microsoft Visual Studio Solution File, Format Version 12.00
# Visual Studio Version 17
VisualStudioVersion = 17.5.33424.131
MinimumVisualStudioVersion = 10.0.40219.1
Project("{FAE04EC0-301F-11D3-BF4B-00C04F79EFBC}") = "Snake_And_Ladder_Program", "Snake_And_Ladder_Program\Snake_And_Ladder_Program.csproj", "{59887558-3F55-4C90-8C83-799FFC002F05}"
EndProject
Global
	GlobalSection(SolutionConfigurationPlatforms) = preSolution
		Debug|Any CPU = Debug|Any CPU
		Release|Any CPU = Release|Any CPU
	EndGlobalSection
	GlobalSection(ProjectConfigurationPlatforms) = postSolution
		{59887558-3F55-4C90-8C83-799FFC002F05}.Debug|Any CPU.ActiveCfg = Debug|Any CPU
		{59887558-3F55-4C90-8C83-799FFC002F05}.Debug|Any CPU.Build.0 = Debug|Any CPU
		{59887558-3F55-4C90-8C83-799FFC002F05}.Release|Any CPU.ActiveCfg = Release|Any CPU
		{59887558-3F55-4C90-8C83-799FFC002F05}.Release|Any CPU.Build.0 = Release|Any CPU
	EndGlobalSection
	GlobalSection(SolutionProperties) = preSolution
		HideSolutionNode = FALSE
	EndGlobalSection
	GlobalSection(ExtensibilityGlobals) = postSolution
		SolutionGuid = {8FE67C73-9DE7-4F53-B3F7-089CFE532286}
	EndGlobalSection
EndGlobal
